
Microsoft Visual Studio Solution File, Format Version 12.00
Project("{FAE04EC0-301F-11D3-BF4B-00C04F79EFBC}") = "InformationProtection", "InformationProtection.csproj", "{AD4B85EF-036E-46AC-B15B-AFDFA2A20C59}"
EndProject
Project("{FAE04EC0-301F-11D3-BF4B-00C04F79EFBC}") = "lib.Lab", "lib.Lab\lib.Lab.csproj", "{8D2AE248-6BEF-42E6-AFBD-9BD24746510D}"
EndProject
Project("{FAE04EC0-301F-11D3-BF4B-00C04F79EFBC}") = "ProtectTest", "ProtectTest\ProtectTest.csproj", "{38AF03C3-B2EE-475C-9DFB-29C7A885D8A6}"
EndProject
Global
	GlobalSection(SolutionConfigurationPlatforms) = preSolution
		Debug|Any CPU = Debug|Any CPU
		Release|Any CPU = Release|Any CPU
	EndGlobalSection
	GlobalSection(ProjectConfigurationPlatforms) = postSolution
		{AD4B85EF-036E-46AC-B15B-AFDFA2A20C59}.Debug|Any CPU.ActiveCfg = Debug|Any CPU
		{AD4B85EF-036E-46AC-B15B-AFDFA2A20C59}.Debug|Any CPU.Build.0 = Debug|Any CPU
		{AD4B85EF-036E-46AC-B15B-AFDFA2A20C59}.Release|Any CPU.ActiveCfg = Release|Any CPU
		{AD4B85EF-036E-46AC-B15B-AFDFA2A20C59}.Release|Any CPU.Build.0 = Release|Any CPU
		{8D2AE248-6BEF-42E6-AFBD-9BD24746510D}.Debug|Any CPU.ActiveCfg = Debug|Any CPU
		{8D2AE248-6BEF-42E6-AFBD-9BD24746510D}.Debug|Any CPU.Build.0 = Debug|Any CPU
		{8D2AE248-6BEF-42E6-AFBD-9BD24746510D}.Release|Any CPU.ActiveCfg = Release|Any CPU
		{8D2AE248-6BEF-42E6-AFBD-9BD24746510D}.Release|Any CPU.Build.0 = Release|Any CPU
		{38AF03C3-B2EE-475C-9DFB-29C7A885D8A6}.Debug|Any CPU.ActiveCfg = Debug|Any CPU
		{38AF03C3-B2EE-475C-9DFB-29C7A885D8A6}.Debug|Any CPU.Build.0 = Debug|Any CPU
		{38AF03C3-B2EE-475C-9DFB-29C7A885D8A6}.Release|Any CPU.ActiveCfg = Release|Any CPU
		{38AF03C3-B2EE-475C-9DFB-29C7A885D8A6}.Release|Any CPU.Build.0 = Release|Any CPU
	EndGlobalSection
EndGlobal
